
Microsoft Visual Studio Solution File, Format Version 12.00
# Visual Studio Version 16
VisualStudioVersion = 16.0.29102.190
MinimumVisualStudioVersion = 10.0.40219.1
Project("{FAE04EC0-301F-11D3-BF4B-00C04F79EFBC}") = "douglasisonline", "douglasisonline.csproj", "{922A9296-46A8-421D-923D-1DF903CCB68E}"
EndProject
Global
	GlobalSection(SolutionConfigurationPlatforms) = preSolution
		Debug|Any CPU = Debug|Any CPU
		Release|Any CPU = Release|Any CPU
	EndGlobalSection
	GlobalSection(ProjectConfigurationPlatforms) = postSolution
		{922A9296-46A8-421D-923D-1DF903CCB68E}.Debug|Any CPU.ActiveCfg = Debug|Any CPU
		{922A9296-46A8-421D-923D-1DF903CCB68E}.Debug|Any CPU.Build.0 = Debug|Any CPU
		{922A9296-46A8-421D-923D-1DF903CCB68E}.Release|Any CPU.ActiveCfg = Release|Any CPU
		{922A9296-46A8-421D-923D-1DF903CCB68E}.Release|Any CPU.Build.0 = Release|Any CPU
	EndGlobalSection
	GlobalSection(SolutionProperties) = preSolution
		HideSolutionNode = FALSE
	EndGlobalSection
	GlobalSection(ExtensibilityGlobals) = postSolution
		SolutionGuid = {8A3F399A-7B66-468D-879E-61CAB2E7D4F9}
	EndGlobalSection
EndGlobal
